
Microsoft Visual Studio Solution File, Format Version 12.00
# Visual Studio Version 17
VisualStudioVersion = 17.5.33424.131
MinimumVisualStudioVersion = 10.0.40219.1
Project("{9A19103F-16F7-4668-BE54-9A1E7A4F7556}") = "SLMPUnitTests", "SlmpUnitTests\SLMPUnitTests.csproj", "{1C3926EE-952C-424F-AA63-14C6789FC561}"
EndProject
Project("{9A19103F-16F7-4668-BE54-9A1E7A4F7556}") = "SLMP", "SLMP\SLMP.csproj", "{E9028C14-6FAF-4DDB-8719-48796B559759}"
EndProject
Project("{FAE04EC0-301F-11D3-BF4B-00C04F79EFBC}") = "SLMPHealthCheck", "SLMPHealthCheck\SLMPHealthCheck.csproj", "{4461EBB5-7E87-4797-A22D-2C37F144864F}"
EndProject
Global
	GlobalSection(SolutionConfigurationPlatforms) = preSolution
		Debug|Any CPU = Debug|Any CPU
		Release|Any CPU = Release|Any CPU
	EndGlobalSection
	GlobalSection(ProjectConfigurationPlatforms) = postSolution
		{1C3926EE-952C-424F-AA63-14C6789FC561}.Debug|Any CPU.ActiveCfg = Debug|Any CPU
		{1C3926EE-952C-424F-AA63-14C6789FC561}.Debug|Any CPU.Build.0 = Debug|Any CPU
		{1C3926EE-952C-424F-AA63-14C6789FC561}.Release|Any CPU.ActiveCfg = Release|Any CPU
		{1C3926EE-952C-424F-AA63-14C6789FC561}.Release|Any CPU.Build.0 = Release|Any CPU
		{E9028C14-6FAF-4DDB-8719-48796B559759}.Debug|Any CPU.ActiveCfg = Debug|Any CPU
		{E9028C14-6FAF-4DDB-8719-48796B559759}.Debug|Any CPU.Build.0 = Debug|Any CPU
		{E9028C14-6FAF-4DDB-8719-48796B559759}.Release|Any CPU.ActiveCfg = Release|Any CPU
		{E9028C14-6FAF-4DDB-8719-48796B559759}.Release|Any CPU.Build.0 = Release|Any CPU
		{4461EBB5-7E87-4797-A22D-2C37F144864F}.Debug|Any CPU.ActiveCfg = Debug|Any CPU
		{4461EBB5-7E87-4797-A22D-2C37F144864F}.Debug|Any CPU.Build.0 = Debug|Any CPU
		{4461EBB5-7E87-4797-A22D-2C37F144864F}.Release|Any CPU.ActiveCfg = Release|Any CPU
		{4461EBB5-7E87-4797-A22D-2C37F144864F}.Release|Any CPU.Build.0 = Release|Any CPU
	EndGlobalSection
	GlobalSection(SolutionProperties) = preSolution
		HideSolutionNode = FALSE
	EndGlobalSection
	GlobalSection(ExtensibilityGlobals) = postSolution
		SolutionGuid = {7F601848-7D6F-4F38-AC2C-F6F03B761F55}
	EndGlobalSection
EndGlobal
